
Microsoft Visual Studio Solution File, Format Version 12.00
# Visual Studio Version 17
VisualStudioVersion = 17.14.36705.20 d17.14
MinimumVisualStudioVersion = 10.0.40219.1
Project("{FAE04EC0-301F-11D3-BF4B-00C04F79EFBC}") = "Min-BID", "Min-BID\Min-BID.csproj", "{FCB0D33C-E6C7-4C1A-86DB-CC5E5DCC014A}"
EndProject
Global
	GlobalSection(SolutionConfigurationPlatforms) = preSolution
		Debug|Any CPU = Debug|Any CPU
		Release|Any CPU = Release|Any CPU
	EndGlobalSection
	GlobalSection(ProjectConfigurationPlatforms) = postSolution
		{FCB0D33C-E6C7-4C1A-86DB-CC5E5DCC014A}.Debug|Any CPU.ActiveCfg = Debug|Any CPU
		{FCB0D33C-E6C7-4C1A-86DB-CC5E5DCC014A}.Debug|Any CPU.Build.0 = Debug|Any CPU
		{FCB0D33C-E6C7-4C1A-86DB-CC5E5DCC014A}.Release|Any CPU.ActiveCfg = Release|Any CPU
		{FCB0D33C-E6C7-4C1A-86DB-CC5E5DCC014A}.Release|Any CPU.Build.0 = Release|Any CPU
	EndGlobalSection
	GlobalSection(SolutionProperties) = preSolution
		HideSolutionNode = FALSE
	EndGlobalSection
	GlobalSection(ExtensibilityGlobals) = postSolution
		SolutionGuid = {732F7E68-5937-4017-9D3E-490336141797}
	EndGlobalSection
EndGlobal
